
Microsoft Visual Studio Solution File, Format Version 12.00
# Visual Studio Version 16
VisualStudioVersion = 16.0.29613.14
MinimumVisualStudioVersion = 15.0.26124.0
Project("{2150E333-8FDC-42A3-9474-1A3956D46DE8}") = "Solution Items", "Solution Items", "{5A961916-034A-4EA3-BDE6-FEF1BA99926F}"
	ProjectSection(SolutionItems) = preProject
		..\.gitignore = ..\.gitignore
		..\README.md = ..\README.md
	EndProjectSection
EndProject
Project("{9A19103F-16F7-4668-BE54-9A1E7A4F7556}") = "CodeGeneratorUtility", "CodeGeneratorUtility\CodeGeneratorUtility.csproj", "{337FD1BE-AB2D-41A1-95A7-EF66EA6ACFBA}"
EndProject
Project("{9A19103F-16F7-4668-BE54-9A1E7A4F7556}") = "GraphQLApi", "GraphQLApi\GraphQLApi.csproj", "{C9DA9A4A-C3A7-429B-9EB2-958E4BE81A63}"
EndProject
Project("{9A19103F-16F7-4668-BE54-9A1E7A4F7556}") = "DataMigrations", "DataMigrations\DataMigrations.csproj", "{9D4C0EB8-C7D4-4827-A819-F4726A969067}"
EndProject
Project("{FAE04EC0-301F-11D3-BF4B-00C04F79EFBC}") = "DataModel", "DataModel\DataModel.csproj", "{997DEE07-3449-4072-8FB0-CF04C3C522D1}"
EndProject
Global
	GlobalSection(SolutionConfigurationPlatforms) = preSolution
		Debug|Any CPU = Debug|Any CPU
		Debug|x64 = Debug|x64
		Debug|x86 = Debug|x86
		Release|Any CPU = Release|Any CPU
		Release|x64 = Release|x64
		Release|x86 = Release|x86
	EndGlobalSection
	GlobalSection(ProjectConfigurationPlatforms) = postSolution
		{337FD1BE-AB2D-41A1-95A7-EF66EA6ACFBA}.Debug|Any CPU.ActiveCfg = Debug|Any CPU
		{337FD1BE-AB2D-41A1-95A7-EF66EA6ACFBA}.Debug|Any CPU.Build.0 = Debug|Any CPU
		{337FD1BE-AB2D-41A1-95A7-EF66EA6ACFBA}.Debug|x64.ActiveCfg = Debug|Any CPU
		{337FD1BE-AB2D-41A1-95A7-EF66EA6ACFBA}.Debug|x64.Build.0 = Debug|Any CPU
		{337FD1BE-AB2D-41A1-95A7-EF66EA6ACFBA}.Debug|x86.ActiveCfg = Debug|Any CPU
		{337FD1BE-AB2D-41A1-95A7-EF66EA6ACFBA}.Debug|x86.Build.0 = Debug|Any CPU
		{337FD1BE-AB2D-41A1-95A7-EF66EA6ACFBA}.Release|Any CPU.ActiveCfg = Release|Any CPU
		{337FD1BE-AB2D-41A1-95A7-EF66EA6ACFBA}.Release|Any CPU.Build.0 = Release|Any CPU
		{337FD1BE-AB2D-41A1-95A7-EF66EA6ACFBA}.Release|x64.ActiveCfg = Release|Any CPU
		{337FD1BE-AB2D-41A1-95A7-EF66EA6ACFBA}.Release|x64.Build.0 = Release|Any CPU
		{337FD1BE-AB2D-41A1-95A7-EF66EA6ACFBA}.Release|x86.ActiveCfg = Release|Any CPU
		{337FD1BE-AB2D-41A1-95A7-EF66EA6ACFBA}.Release|x86.Build.0 = Release|Any CPU
		{C9DA9A4A-C3A7-429B-9EB2-958E4BE81A63}.Debug|Any CPU.ActiveCfg = Debug|Any CPU
		{C9DA9A4A-C3A7-429B-9EB2-958E4BE81A63}.Debug|Any CPU.Build.0 = Debug|Any CPU
		{C9DA9A4A-C3A7-429B-9EB2-958E4BE81A63}.Debug|x64.ActiveCfg = Debug|Any CPU
		{C9DA9A4A-C3A7-429B-9EB2-958E4BE81A63}.Debug|x64.Build.0 = Debug|Any CPU
		{C9DA9A4A-C3A7-429B-9EB2-958E4BE81A63}.Debug|x86.ActiveCfg = Debug|Any CPU
		{C9DA9A4A-C3A7-429B-9EB2-958E4BE81A63}.Debug|x86.Build.0 = Debug|Any CPU
		{C9DA9A4A-C3A7-429B-9EB2-958E4BE81A63}.Release|Any CPU.ActiveCfg = Release|Any CPU
		{C9DA9A4A-C3A7-429B-9EB2-958E4BE81A63}.Release|Any CPU.Build.0 = Release|Any CPU
		{C9DA9A4A-C3A7-429B-9EB2-958E4BE81A63}.Release|x64.ActiveCfg = Release|Any CPU
		{C9DA9A4A-C3A7-429B-9EB2-958E4BE81A63}.Release|x64.Build.0 = Release|Any CPU
		{C9DA9A4A-C3A7-429B-9EB2-958E4BE81A63}.Release|x86.ActiveCfg = Release|Any CPU
		{C9DA9A4A-C3A7-429B-9EB2-958E4BE81A63}.Release|x86.Build.0 = Release|Any CPU
		{9D4C0EB8-C7D4-4827-A819-F4726A969067}.Debug|Any CPU.ActiveCfg = Debug|Any CPU
		{9D4C0EB8-C7D4-4827-A819-F4726A969067}.Debug|Any CPU.Build.0 = Debug|Any CPU
		{9D4C0EB8-C7D4-4827-A819-F4726A969067}.Debug|x64.ActiveCfg = Debug|Any CPU
		{9D4C0EB8-C7D4-4827-A819-F4726A969067}.Debug|x64.Build.0 = Debug|Any CPU
		{9D4C0EB8-C7D4-4827-A819-F4726A969067}.Debug|x86.ActiveCfg = Debug|Any CPU
		{9D4C0EB8-C7D4-4827-A819-F4726A969067}.Debug|x86.Build.0 = Debug|Any CPU
		{9D4C0EB8-C7D4-4827-A819-F4726A969067}.Release|Any CPU.ActiveCfg = Release|Any CPU
		{9D4C0EB8-C7D4-4827-A819-F4726A969067}.Release|Any CPU.Build.0 = Release|Any CPU
		{9D4C0EB8-C7D4-4827-A819-F4726A969067}.Release|x64.ActiveCfg = Release|Any CPU
		{9D4C0EB8-C7D4-4827-A819-F4726A969067}.Release|x64.Build.0 = Release|Any CPU
		{9D4C0EB8-C7D4-4827-A819-F4726A969067}.Release|x86.ActiveCfg = Release|Any CPU
		{9D4C0EB8-C7D4-4827-A819-F4726A969067}.Release|x86.Build.0 = Release|Any CPU
		{997DEE07-3449-4072-8FB0-CF04C3C522D1}.Debug|Any CPU.ActiveCfg = Debug|Any CPU
		{997DEE07-3449-4072-8FB0-CF04C3C522D1}.Debug|Any CPU.Build.0 = Debug|Any CPU
		{997DEE07-3449-4072-8FB0-CF04C3C522D1}.Debug|x64.ActiveCfg = Debug|Any CPU
		{997DEE07-3449-4072-8FB0-CF04C3C522D1}.Debug|x64.Build.0 = Debug|Any CPU
		{997DEE07-3449-4072-8FB0-CF04C3C522D1}.Debug|x86.ActiveCfg = Debug|Any CPU
		{997DEE07-3449-4072-8FB0-CF04C3C522D1}.Debug|x86.Build.0 = Debug|Any CPU
		{997DEE07-3449-4072-8FB0-CF04C3C522D1}.Release|Any CPU.ActiveCfg = Release|Any CPU
		{997DEE07-3449-4072-8FB0-CF04C3C522D1}.Release|Any CPU.Build.0 = Release|Any CPU
		{997DEE07-3449-4072-8FB0-CF04C3C522D1}.Release|x64.ActiveCfg = Release|Any CPU
		{997DEE07-3449-4072-8FB0-CF04C3C522D1}.Release|x64.Build.0 = Release|Any CPU
		{997DEE07-3449-4072-8FB0-CF04C3C522D1}.Release|x86.ActiveCfg = Release|Any CPU
		{997DEE07-3449-4072-8FB0-CF04C3C522D1}.Release|x86.Build.0 = Release|Any CPU
	EndGlobalSection
	GlobalSection(SolutionProperties) = preSolution
		HideSolutionNode = FALSE
	EndGlobalSection
	GlobalSection(ExtensibilityGlobals) = postSolution
		SolutionGuid = {A9A60C57-E1AA-4612-99B8-A2FE5CE975FF}
	EndGlobalSection
EndGlobal
